
Microsoft Visual Studio Solution File, Format Version 12.00
# Visual Studio Version 16
VisualStudioVersion = 16.0.32126.315
MinimumVisualStudioVersion = 10.0.40219.1
Project("{FAE04EC0-301F-11D3-BF4B-00C04F79EFBC}") = "PracticeClasswork", "PracticeClasswork\PracticeClasswork.csproj", "{7312C0E8-4D8E-4664-8471-8C4C66294DE8}"
EndProject
Global
	GlobalSection(SolutionConfigurationPlatforms) = preSolution
		Debug|Any CPU = Debug|Any CPU
		Release|Any CPU = Release|Any CPU
	EndGlobalSection
	GlobalSection(ProjectConfigurationPlatforms) = postSolution
		{7312C0E8-4D8E-4664-8471-8C4C66294DE8}.Debug|Any CPU.ActiveCfg = Debug|Any CPU
		{7312C0E8-4D8E-4664-8471-8C4C66294DE8}.Debug|Any CPU.Build.0 = Debug|Any CPU
		{7312C0E8-4D8E-4664-8471-8C4C66294DE8}.Release|Any CPU.ActiveCfg = Release|Any CPU
		{7312C0E8-4D8E-4664-8471-8C4C66294DE8}.Release|Any CPU.Build.0 = Release|Any CPU
	EndGlobalSection
	GlobalSection(SolutionProperties) = preSolution
		HideSolutionNode = FALSE
	EndGlobalSection
	GlobalSection(ExtensibilityGlobals) = postSolution
		SolutionGuid = {2B21F6A4-C33A-48DC-BB5A-A94DB9D81ED0}
	EndGlobalSection
EndGlobal
